
Microsoft Visual Studio Solution File, Format Version 12.00
# Visual Studio Version 17
VisualStudioVersion = 17.6.33717.318
MinimumVisualStudioVersion = 10.0.40219.1
Project("{FAE04EC0-301F-11D3-BF4B-00C04F79EFBC}") = "lista_240227", "lista_240227\lista_240227.csproj", "{6D175FA9-4ABB-4475-ABEB-CC6C89906DB7}"
EndProject
Global
	GlobalSection(SolutionConfigurationPlatforms) = preSolution
		Debug|Any CPU = Debug|Any CPU
		Release|Any CPU = Release|Any CPU
	EndGlobalSection
	GlobalSection(ProjectConfigurationPlatforms) = postSolution
		{6D175FA9-4ABB-4475-ABEB-CC6C89906DB7}.Debug|Any CPU.ActiveCfg = Debug|Any CPU
		{6D175FA9-4ABB-4475-ABEB-CC6C89906DB7}.Debug|Any CPU.Build.0 = Debug|Any CPU
		{6D175FA9-4ABB-4475-ABEB-CC6C89906DB7}.Release|Any CPU.ActiveCfg = Release|Any CPU
		{6D175FA9-4ABB-4475-ABEB-CC6C89906DB7}.Release|Any CPU.Build.0 = Release|Any CPU
	EndGlobalSection
	GlobalSection(SolutionProperties) = preSolution
		HideSolutionNode = FALSE
	EndGlobalSection
	GlobalSection(ExtensibilityGlobals) = postSolution
		SolutionGuid = {D0B0B1A8-4BF8-4C10-8FD8-F8F609A34731}
	EndGlobalSection
EndGlobal
